
Microsoft Visual Studio Solution File, Format Version 12.00
# Visual Studio 15
VisualStudioVersion = 15.0.27004.2008
MinimumVisualStudioVersion = 10.0.40219.1
Project("{FAE04EC0-301F-11D3-BF4B-00C04F79EFBC}") = "BgCareer", "BgCareer\BgCareer.csproj", "{F90B3662-233D-4207-B1C0-9B11143BFAD6}"
EndProject
Project("{FAE04EC0-301F-11D3-BF4B-00C04F79EFBC}") = "BgCareer.Tests", "BgCareer.Tests\BgCareer.Tests.csproj", "{6C92D05A-2260-432B-A45A-A5796B076818}"
EndProject
Global
	GlobalSection(SolutionConfigurationPlatforms) = preSolution
		Debug|Any CPU = Debug|Any CPU
		Release|Any CPU = Release|Any CPU
	EndGlobalSection
	GlobalSection(ProjectConfigurationPlatforms) = postSolution
		{F90B3662-233D-4207-B1C0-9B11143BFAD6}.Debug|Any CPU.ActiveCfg = Debug|Any CPU
		{F90B3662-233D-4207-B1C0-9B11143BFAD6}.Debug|Any CPU.Build.0 = Debug|Any CPU
		{F90B3662-233D-4207-B1C0-9B11143BFAD6}.Release|Any CPU.ActiveCfg = Release|Any CPU
		{F90B3662-233D-4207-B1C0-9B11143BFAD6}.Release|Any CPU.Build.0 = Release|Any CPU
		{6C92D05A-2260-432B-A45A-A5796B076818}.Debug|Any CPU.ActiveCfg = Debug|Any CPU
		{6C92D05A-2260-432B-A45A-A5796B076818}.Debug|Any CPU.Build.0 = Debug|Any CPU
		{6C92D05A-2260-432B-A45A-A5796B076818}.Release|Any CPU.ActiveCfg = Release|Any CPU
		{6C92D05A-2260-432B-A45A-A5796B076818}.Release|Any CPU.Build.0 = Release|Any CPU
	EndGlobalSection
	GlobalSection(SolutionProperties) = preSolution
		HideSolutionNode = FALSE
	EndGlobalSection
	GlobalSection(ExtensibilityGlobals) = postSolution
		SolutionGuid = {9DF2083E-886C-4A33-A155-56C7671A2AE8}
	EndGlobalSection
EndGlobal
